{
  "nodes": {
    "darwin": {
      "inputs": {
        "nixpkgs": [
          "nixpkgs"
        ]
      },
      "locked": {
        "lastModified": 1668784520,
        "narHash": "sha256-gGgVAMwYPPmrfnvnoRi6OkEB5KRsNTb9uYzEceLdO/g=",
        "owner": "lnl7",
        "repo": "nix-darwin",
        "rev": "6349b99bc2b96ded34d068a88c7c5ced406b7f7f",
        "type": "github"
      },
      "original": {
        "owner": "lnl7",
        "ref": "master",
        "repo": "nix-darwin",
        "type": "github"
      }
    },
    "emacs": {
      "inputs": {
        "flake-utils": "flake-utils",
        "nixpkgs": "nixpkgs"
      },
      "locked": {
        "lastModified": 1669009625,
        "narHash": "sha256-NM6vZ8lRmvZCRuRm4OBONnAgqkhsh/VlqbGsqhItaXg=",
        "owner": "nix-community",
        "repo": "emacs-overlay",
        "rev": "acbbcb781724648f206068e230a7a5f77fba510c",
        "type": "github"
      },
      "original": {
        "owner": "nix-community",
        "repo": "emacs-overlay",
        "type": "github"
      }
    },
    "fenix": {
      "inputs": {
        "nixpkgs": [
          "nixpkgs"
        ],
        "rust-analyzer-src": "rust-analyzer-src"
      },
      "locked": {
        "lastModified": 1669012127,
        "narHash": "sha256-fTvPcUlzrxAqMMivJgnV6AjYRPd6+Yz+hnLTs0AF+EM=",
        "owner": "nix-community",
        "repo": "fenix",
        "rev": "fa7082d03914c5bf0f15acda849f34d048953ed5",
        "type": "github"
      },
      "original": {
        "owner": "nix-community",
        "repo": "fenix",
        "type": "github"
      }
    },
    "flake-utils": {
      "locked": {
        "lastModified": 1667395993,
        "narHash": "sha256-nuEHfE/LcWyuSWnS8t12N1wc105Qtau+/OdUAjtQ0rA=",
        "owner": "numtide",
        "repo": "flake-utils",
        "rev": "5aed5285a952e0b949eb3ba02c12fa4fcfef535f",
        "type": "github"
      },
      "original": {
        "owner": "numtide",
        "repo": "flake-utils",
        "type": "github"
      }
    },
    "flake-utils_2": {
      "locked": {
        "lastModified": 1637014545,
        "narHash": "sha256-26IZAc5yzlD9FlDT54io1oqG/bBoyka+FJk5guaX4x4=",
        "owner": "numtide",
        "repo": "flake-utils",
        "rev": "bba5dcc8e0b20ab664967ad83d24d64cb64ec4f4",
        "type": "github"
      },
      "original": {
        "owner": "numtide",
        "repo": "flake-utils",
        "type": "github"
      }
    },
    "gtree": {
      "inputs": {
        "naersk": "naersk",
        "nixpkgs": [
          "nixpkgs"
        ],
        "rust-overlay": "rust-overlay",
        "utils": "utils"
      },
      "locked": {
        "lastModified": 1657103404,
        "narHash": "sha256-RGT2AikPE5w+hb1ztsy/pzU4jcDOviNx8fPK1bsBIQw=",
        "owner": "cocainefarm",
        "repo": "gtree",
        "rev": "bd79c7f8f1128d94c266aab3250b4081967d5466",
        "type": "gitlab"
      },
      "original": {
        "owner": "cocainefarm",
        "repo": "gtree",
        "type": "gitlab"
      }
    },
    "home-manager": {
      "inputs": {
        "nixpkgs": [
          "nixpkgs"
        ]
      },
      "locked": {
        "lastModified": 1667907331,
        "narHash": "sha256-bHkAwkYlBjkupPUFcQjimNS8gxWSWjOTevEuwdnp5m0=",
        "owner": "nix-community",
        "repo": "home-manager",
        "rev": "6639e3a837fc5deb6f99554072789724997bc8e5",
        "type": "github"
      },
      "original": {
        "owner": "nix-community",
        "ref": "release-22.05",
        "repo": "home-manager",
        "type": "github"
      }
    },
    "hyprland": {
      "inputs": {
        "nixpkgs": [
          "nixpkgs-unstable"
        ],
        "wlroots": "wlroots"
      },
      "locked": {
        "lastModified": 1668970227,
        "narHash": "sha256-GZluQqS6RbcxLxN41GqOlitBEnw+x8icowxsgCg25Ok=",
        "owner": "hyprwm",
        "repo": "Hyprland",
        "rev": "be03a6186c22f915d3d92df71d2e74c64e816245",
        "type": "github"
      },
      "original": {
        "owner": "hyprwm",
        "repo": "Hyprland",
        "type": "github"
      }
    },
    "naersk": {
      "inputs": {
        "nixpkgs": [
          "gtree",
          "nixpkgs"
        ]
      },
      "locked": {
        "lastModified": 1653413650,
        "narHash": "sha256-wojDHjb+eU80MPH+3HQaK0liUy8EgR95rvmCl24i58Y=",
        "owner": "nmattia",
        "repo": "naersk",
        "rev": "69daaceebe12c070cd5ae69ba38f277bbf033695",
        "type": "github"
      },
      "original": {
        "owner": "nmattia",
        "repo": "naersk",
        "type": "github"
      }
    },
    "nixpkgs": {
      "locked": {
        "lastModified": 0,
        "narHash": "sha256-spcDvKqQU9iSMAjh5uj9gfu8Gu7vIFFkOKH2CCWvOVY=",
        "path": "/nix/store/zn7yw3rq3ga5xhqkxbkqb54n4qprk48z-source",
        "type": "path"
      },
      "original": {
        "id": "nixpkgs",
        "type": "indirect"
      }
    },
    "nixpkgs-master": {
      "locked": {
        "lastModified": 1669993017,
        "narHash": "sha256-tA0mpZxjZfjyWo1mq031U9p7joE9D9rg2MJn1EPnLo0=",
        "owner": "NixOS",
        "repo": "nixpkgs",
        "rev": "ea940857072b6e0d65f66cdb863c521967e3881e",
        "type": "github"
      },
      "original": {
        "owner": "NixOS",
        "ref": "master",
        "repo": "nixpkgs",
        "type": "github"
      }
    },
    "nixpkgs-unstable": {
      "locked": {
        "lastModified": 1669791787,
        "narHash": "sha256-KBfoA2fOI5+wCrm7PR+j7jHqXeTkVRPQ0m5fcKchyuU=",
        "owner": "NixOS",
        "repo": "nixpkgs",
        "rev": "e76c78d20685a043d23f5f9e0ccd2203997f1fb1",
        "type": "github"
      },
      "original": {
        "owner": "NixOS",
        "ref": "nixos-unstable",
        "repo": "nixpkgs",
        "type": "github"
      }
    },
    "nixpkgs_2": {
      "locked": {
        "lastModified": 1669834992,
        "narHash": "sha256-YnhZGHgb4C3Q7DSGisO/stc50jFb9F/MzHeKS4giotg=",
        "owner": "NixOS",
        "repo": "nixpkgs",
        "rev": "596a8e828c5dfa504f91918d0fa4152db3ab5502",
        "type": "github"
      },
      "original": {
        "owner": "NixOS",
        "ref": "nixos-22.11",
        "repo": "nixpkgs",
        "type": "github"
      }
    },
    "root": {
      "inputs": {
        "darwin": "darwin",
        "emacs": "emacs",
        "fenix": "fenix",
        "gtree": "gtree",
        "home-manager": "home-manager",
        "hyprland": "hyprland",
        "nixpkgs": "nixpkgs_2",
        "nixpkgs-master": "nixpkgs-master",
        "nixpkgs-unstable": "nixpkgs-unstable",
        "secrets": "secrets"
      }
    },
    "rust-analyzer-src": {
      "flake": false,
      "locked": {
        "lastModified": 1668974383,
        "narHash": "sha256-ULEwMFhcr+0z4r//BSZVFV5Nh1+opwwYBk/ZzEptjqw=",
        "owner": "rust-lang",
        "repo": "rust-analyzer",
        "rev": "26562973b3482a635416b2b663a13016d4d90e20",
        "type": "github"
      },
      "original": {
        "owner": "rust-lang",
        "ref": "nightly",
        "repo": "rust-analyzer",
        "type": "github"
      }
    },
    "rust-overlay": {
      "inputs": {
        "flake-utils": "flake-utils_2",
        "nixpkgs": [
          "gtree",
          "nixpkgs"
        ]
      },
      "locked": {
        "lastModified": 1654396786,
        "narHash": "sha256-stM8eWx51WDwptsByQFwmAvPBT1N0XUhcGaMq5Nx7T8=",
        "owner": "oxalica",
        "repo": "rust-overlay",
        "rev": "2d306305e1a52d3e18bf10a5d88f3eca99033ba8",
        "type": "github"
      },
      "original": {
        "owner": "oxalica",
        "repo": "rust-overlay",
        "type": "github"
      }
    },
    "secrets": {
      "flake": false,
      "locked": {
        "lastModified": 1669981665,
        "narHash": "sha256-RbZ/0CKzEBguq2faC7fjMXgYe9NbdsTeTjbsLN2Iklk=",
        "ref": "refs/heads/master",
        "rev": "aa1cad0435fdd07a832d3e07681762eb59bd27de",
        "revCount": 26,
        "type": "git",
        "url": "ssh://git@gitlab.com/audron/secrets.git"
      },
      "original": {
        "type": "git",
        "url": "ssh://git@gitlab.com/audron/secrets.git"
      }
    },
    "utils": {
      "locked": {
        "lastModified": 1653893745,
        "narHash": "sha256-0jntwV3Z8//YwuOjzhV2sgJJPt+HY6KhU7VZUL0fKZQ=",
        "owner": "numtide",
        "repo": "flake-utils",
        "rev": "1ed9fb1935d260de5fe1c2f7ee0ebaae17ed2fa1",
        "type": "github"
      },
      "original": {
        "owner": "numtide",
        "repo": "flake-utils",
        "type": "github"
      }
    },
    "wlroots": {
      "flake": false,
      "locked": {
        "host": "gitlab.freedesktop.org",
        "lastModified": 1668785720,
        "narHash": "sha256-CX+PYJP2PxZWL380WzyMNsrfRgIb/78brdwvDg/zj28=",
        "owner": "wlroots",
        "repo": "wlroots",
        "rev": "4ff46e6cf9463e594605928feeb7c55cf323b5e7",
        "type": "gitlab"
      },
      "original": {
        "host": "gitlab.freedesktop.org",
        "owner": "wlroots",
        "repo": "wlroots",
        "type": "gitlab"
      }
    }
  },
  "root": "root",
  "version": 7
}
